
Microsoft Visual Studio Solution File, Format Version 12.00
# Visual Studio Version 17
VisualStudioVersion = 17.5.33627.172
MinimumVisualStudioVersion = 10.0.40219.1
Project("{FAE04EC0-301F-11D3-BF4B-00C04F79EFBC}") = "MoodAnalyserDemo", "MoodAnalyserDemo\MoodAnalyserDemo.csproj", "{09C4F6DB-9A68-470F-A675-652618809967}"
EndProject
Global
	GlobalSection(SolutionConfigurationPlatforms) = preSolution
		Debug|Any CPU = Debug|Any CPU
		Release|Any CPU = Release|Any CPU
	EndGlobalSection
	GlobalSection(ProjectConfigurationPlatforms) = postSolution
		{09C4F6DB-9A68-470F-A675-652618809967}.Debug|Any CPU.ActiveCfg = Debug|Any CPU
		{09C4F6DB-9A68-470F-A675-652618809967}.Debug|Any CPU.Build.0 = Debug|Any CPU
		{09C4F6DB-9A68-470F-A675-652618809967}.Release|Any CPU.ActiveCfg = Release|Any CPU
		{09C4F6DB-9A68-470F-A675-652618809967}.Release|Any CPU.Build.0 = Release|Any CPU
	EndGlobalSection
	GlobalSection(SolutionProperties) = preSolution
		HideSolutionNode = FALSE
	EndGlobalSection
	GlobalSection(ExtensibilityGlobals) = postSolution
		SolutionGuid = {B109DE68-01B6-4B5B-B370-ECD32DC96930}
	EndGlobalSection
EndGlobal
